PODS:
  - AFNetworking (3.2.1):
    - AFNetworking/NSURLSession (= 3.2.1)
    - AFNetworking/Reachability (= 3.2.1)
    - AFNetworking/Security (= 3.2.1)
    - AFNetworking/Serialization (= 3.2.1)
    - AFNetworking/UIKit (= 3.2.1)
  - AFNetworking/NSURLSession (3.2.1):
    - AFNetworking/Reachability
    - AFNetworking/Security
    - AFNetworking/Serialization
  - AFNetworking/Reachability (3.2.1)
  - AFNetworking/Security (3.2.1)
  - AFNetworking/Serialization (3.2.1)
  - AFNetworking/UIKit (3.2.1):
    - AFNetworking/NSURLSession
  - ISO8601 (0.6.0)
  - JSONModel (1.8.0)
  - OpenAPIClient (1.0.0):
    - AFNetworking (~> 3)
    - ISO8601 (~> 0.6)
    - JSONModel (~> 1.2)
  - SideMenu (5.0.1)

DEPENDENCIES:
  - OpenAPIClient (from `Vendor`)
  - SideMenu

SPEC REPOS:
  https://github.com/cocoapods/specs.git:
    - AFNetworking
    - ISO8601
    - JSONModel
    - SideMenu

EXTERNAL SOURCES:
  OpenAPIClient:
    :path: Vendor

SPEC CHECKSUMS:
  AFNetworking: b6f891fdfaed196b46c7a83cf209e09697b94057
  ISO8601: d3ea3ba9b752820cf92c6b47a9ee327e9f0e13fc
  JSONModel: 02ab723958366a3fd27da57ea2af2113658762e9
  OpenAPIClient: 0424d5af1aa8f2364de9c89f982383d5e85ca622
  SideMenu: 87efd943737bb83aedf0358884d09fcf5576636d

PODFILE CHECKSUM: ab64d3d2eae0213a70524ad92e1ad17c0d781348

COCOAPODS: 1.6.0.beta.2
